
Microsoft Visual Studio Solution File, Format Version 12.00
# Visual Studio Version 17
VisualStudioVersion = 17.0.31903.59
MinimumVisualStudioVersion = 10.0.40219.1
Project("{2150E333-8FDC-42A3-9474-1A3956D46DE8}") = "moduloTestesDIO", "moduloTestesDIO", "{994365E3-6763-41CC-9378-25FF9CA38DB7}"
EndProject
Project("{FAE04EC0-301F-11D3-BF4B-00C04F79EFBC}") = "CalculadoraTestes", "moduloTestesDIO\CalculadoraTestes\CalculadoraTestes.csproj", "{6734369A-572D-4E9E-88C9-279352B54D45}"
EndProject
Project("{FAE04EC0-301F-11D3-BF4B-00C04F79EFBC}") = "Calculadora", "moduloTestesDIO\Calculadora\Calculadora.csproj", "{174035B6-B96C-40BC-9A1E-4F47D5481EF6}"
EndProject
Global
	GlobalSection(SolutionConfigurationPlatforms) = preSolution
		Debug|Any CPU = Debug|Any CPU
		Release|Any CPU = Release|Any CPU
	EndGlobalSection
	GlobalSection(SolutionProperties) = preSolution
		HideSolutionNode = FALSE
	EndGlobalSection
	GlobalSection(ProjectConfigurationPlatforms) = postSolution
		{6734369A-572D-4E9E-88C9-279352B54D45}.Debug|Any CPU.ActiveCfg = Debug|Any CPU
		{6734369A-572D-4E9E-88C9-279352B54D45}.Debug|Any CPU.Build.0 = Debug|Any CPU
		{6734369A-572D-4E9E-88C9-279352B54D45}.Release|Any CPU.ActiveCfg = Release|Any CPU
		{6734369A-572D-4E9E-88C9-279352B54D45}.Release|Any CPU.Build.0 = Release|Any CPU
		{174035B6-B96C-40BC-9A1E-4F47D5481EF6}.Debug|Any CPU.ActiveCfg = Debug|Any CPU
		{174035B6-B96C-40BC-9A1E-4F47D5481EF6}.Debug|Any CPU.Build.0 = Debug|Any CPU
		{174035B6-B96C-40BC-9A1E-4F47D5481EF6}.Release|Any CPU.ActiveCfg = Release|Any CPU
		{174035B6-B96C-40BC-9A1E-4F47D5481EF6}.Release|Any CPU.Build.0 = Release|Any CPU
	EndGlobalSection
	GlobalSection(NestedProjects) = preSolution
		{6734369A-572D-4E9E-88C9-279352B54D45} = {994365E3-6763-41CC-9378-25FF9CA38DB7}
		{174035B6-B96C-40BC-9A1E-4F47D5481EF6} = {994365E3-6763-41CC-9378-25FF9CA38DB7}
	EndGlobalSection
EndGlobal
